// !$*UTF8*$!
{
	archiveVersion = 1;
	classes = {
	};
	objectVersion = 55;
	objects = {

/* Begin PBXBuildFile section */
		76D8F71B29050A120003D207 /* AppDelegate.swift in Sources */ = {isa = PBXBuildFile; fileRef = 76D8F71A29050A120003D207 /* AppDelegate.swift */; };
		76D8F71D29050A120003D207 /* SceneDelegate.swift in Sources */ = {isa = PBXBuildFile; fileRef = 76D8F71C29050A120003D207 /* SceneDelegate.swift */; };
		76D8F71F29050A120003D207 /* ViewController.swift in Sources */ = {isa = PBXBuildFile; fileRef = 76D8F71E29050A120003D207 /* ViewController.swift */; };
		76D8F72229050A120003D207 /* Main.storyboard in Resources */ = {isa = PBXBuildFile; fileRef = 76D8F72029050A120003D207 /* Main.storyboard */; };
		76D8F72429050A130003D207 /* Assets.xcassets in Resources */ = {isa = PBXBuildFile; fileRef = 76D8F72329050A130003D207 /* Assets.xcassets */; };
		76D8F72729050A130003D207 /* LaunchScreen.storyboard in Resources */ = {isa = PBXBuildFile; fileRef = 76D8F72529050A130003D207 /* LaunchScreen.storyboard */; };
		76D8F73229050A130003D207 /* ACPageViewDemoTests.swift in Sources */ = {isa = PBXBuildFile; fileRef = 76D8F73129050A130003D207 /* ACPageViewDemoTests.swift */; };
		76D8F73C29050A130003D207 /* ACPageViewDemoUITests.swift in Sources */ = {isa = PBXBuildFile; fileRef = 76D8F73B29050A130003D207 /* ACPageViewDemoUITests.swift */; };
		76D8F73E29050A130003D207 /* ACPageViewDemoUITestsLaunchTests.swift in Sources */ = {isa = PBXBuildFile; fileRef = 76D8F73D29050A130003D207 /* ACPageViewDemoUITestsLaunchTests.swift */; };
		76D8F74F29050AB30003D207 /* ACPageTitleCell.xib in Resources */ = {isa = PBXBuildFile; fileRef = 76D8F74B29050AB30003D207 /* ACPageTitleCell.xib */; };
		76D8F75029050AB30003D207 /* ACPageView.swift in Sources */ = {isa = PBXBuildFile; fileRef = 76D8F74C29050AB30003D207 /* ACPageView.swift */; };
		76D8F75129050AB40003D207 /* JXPageView.podspec in Resources */ = {isa = PBXBuildFile; fileRef = 76D8F74D29050AB30003D207 /* JXPageView.podspec */; };
		76D8F75229050AB40003D207 /* ACPageTitleCell.swift in Sources */ = {isa = PBXBuildFile; fileRef = 76D8F74E29050AB30003D207 /* ACPageTitleCell.swift */; };
/* End PBXBuildFile section */

/* Begin PBXContainerItemProxy section */
		76D8F72E29050A130003D207 /* PBXContainerItemProxy */ = {
			isa = PBXContainerItemProxy;
			containerPortal = 76D8F70F29050A120003D207 /* Project object */;
			proxyType = 1;
			remoteGlobalIDString = 76D8F71629050A120003D207;
			remoteInfo = ACPageViewDemo;
		};
		76D8F73829050A130003D207 /* PBXContainerItemProxy */ = {
			isa = PBXContainerItemProxy;
			containerPortal = 76D8F70F29050A120003D207 /* Project object */;
			proxyType = 1;
			remoteGlobalIDString = 76D8F71629050A120003D207;
			remoteInfo = ACPageViewDemo;
		};
/* End PBXContainerItemProxy section */

/* Begin PBXFileReference section */
		76D8F71729050A120003D207 /* ACPageViewDemo.app */ = {isa = PBXFileReference; explicitFileType = wrapper.application; includeInIndex = 0; path = ACPageViewDemo.app; sourceTree = BUILT_PRODUCTS_DIR; };
		76D8F71A29050A120003D207 /* AppDelegate.swift */ = {isa = PBXFileReference; lastKnownFileType = sourcecode.swift; path = AppDelegate.swift; sourceTree = "<group>"; };
		76D8F71C29050A120003D207 /* SceneDelegate.swift */ = {isa = PBXFileReference; lastKnownFileType = sourcecode.swift; path = SceneDelegate.swift; sourceTree = "<group>"; };
		76D8F71E29050A120003D207 /* ViewController.swift */ = {isa = PBXFileReference; lastKnownFileType = sourcecode.swift; path = ViewController.swift; sourceTree = "<group>"; };
		76D8F72129050A120003D207 /* Base */ = {isa = PBXFileReference; lastKnownFileType = file.storyboard; name = Base; path = Base.lproj/Main.storyboard; sourceTree = "<group>"; };
		76D8F72329050A130003D207 /* Assets.xcassets */ = {isa = PBXFileReference; lastKnownFileType = folder.assetcatalog; path = Assets.xcassets; sourceTree = "<group>"; };
		76D8F72629050A130003D207 /* Base */ = {isa = PBXFileReference; lastKnownFileType = file.storyboard; name = Base; path = Base.lproj/LaunchScreen.storyboard; sourceTree = "<group>"; };
		76D8F72829050A130003D207 /* Info.plist */ = {isa = PBXFileReference; lastKnownFileType = text.plist.xml; path = Info.plist; sourceTree = "<group>"; };
		76D8F72D29050A130003D207 /* ACPageViewDemoTests.xctest */ = {isa = PBXFileReference; explicitFileType = wrapper.cfbundle; includeInIndex = 0; path = ACPageViewDemoTests.xctest; sourceTree = BUILT_PRODUCTS_DIR; };
		76D8F73129050A130003D207 /* ACPageViewDemoTests.swift */ = {isa = PBXFileReference; lastKnownFileType = sourcecode.swift; path = ACPageViewDemoTests.swift; sourceTree = "<group>"; };
		76D8F73729050A130003D207 /* ACPageViewDemoUITests.xctest */ = {isa = PBXFileReference; explicitFileType = wrapper.cfbundle; includeInIndex = 0; path = ACPageViewDemoUITests.xctest; sourceTree = BUILT_PRODUCTS_DIR; };
		76D8F73B29050A130003D207 /* ACPageViewDemoUITests.swift */ = {isa = PBXFileReference; lastKnownFileType = sourcecode.swift; path = ACPageViewDemoUITests.swift; sourceTree = "<group>"; };
		76D8F73D29050A130003D207 /* ACPageViewDemoUITestsLaunchTests.swift */ = {isa = PBXFileReference; lastKnownFileType = sourcecode.swift; path = ACPageViewDemoUITestsLaunchTests.swift; sourceTree = "<group>"; };
		76D8F74B29050AB30003D207 /* ACPageTitleCell.xib */ = {isa = PBXFileReference; fileEncoding = 4; lastKnownFileType = file.xib; path = ACPageTitleCell.xib; sourceTree = "<group>"; };
		76D8F74C29050AB30003D207 /* ACPageView.swift */ = {isa = PBXFileReference; fileEncoding = 4; lastKnownFileType = sourcecode.swift; path = ACPageView.swift; sourceTree = "<group>"; };
		76D8F74D29050AB30003D207 /* JXPageView.podspec */ = {isa = PBXFileReference; fileEncoding = 4; lastKnownFileType = text; path = JXPageView.podspec; sourceTree = "<group>"; };
		76D8F74E29050AB30003D207 /* ACPageTitleCell.swift */ = {isa = PBXFileReference; fileEncoding = 4; lastKnownFileType = sourcecode.swift; path = ACPageTitleCell.swift; sourceTree = "<group>"; };
/* End PBXFileReference section */

/* Begin PBXFrameworksBuildPhase section */
		76D8F71429050A120003D207 /* Frameworks */ = {
			isa = PBXFrameworksBuildPhase;
			buildActionMask = 2147483647;
			files = (
			);
			runOnlyForDeploymentPostprocessing = 0;
		};
		76D8F72A29050A130003D207 /* Frameworks */ = {
			isa = PBXFrameworksBuildPhase;
			buildActionMask = 2147483647;
			files = (
			);
			runOnlyForDeploymentPostprocessing = 0;
		};
		76D8F73429050A130003D207 /* Frameworks */ = {
			isa = PBXFrameworksBuildPhase;
			buildActionMask = 2147483647;
			files = (
			);
			runOnlyForDeploymentPostprocessing = 0;
		};
/* End PBXFrameworksBuildPhase section */

/* Begin PBXGroup section */
		76D8F70E29050A120003D207 = {
			isa = PBXGroup;
			children = (
				76D8F71929050A120003D207 /* ACPageViewDemo */,
				76D8F73029050A130003D207 /* ACPageViewDemoTests */,
				76D8F73A29050A130003D207 /* ACPageViewDemoUITests */,
				76D8F71829050A120003D207 /* Products */,
			);
			sourceTree = "<group>";
		};
		76D8F71829050A120003D207 /* Products */ = {
			isa = PBXGroup;
			children = (
				76D8F71729050A120003D207 /* ACPageViewDemo.app */,
				76D8F72D29050A130003D207 /* ACPageViewDemoTests.xctest */,
				76D8F73729050A130003D207 /* ACPageViewDemoUITests.xctest */,
			);
			name = Products;
			sourceTree = "<group>";
		};
		76D8F71929050A120003D207 /* ACPageViewDemo */ = {
			isa = PBXGroup;
			children = (
				76D8F74A29050AB30003D207 /* Sources */,
				76D8F71A29050A120003D207 /* AppDelegate.swift */,
				76D8F71C29050A120003D207 /* SceneDelegate.swift */,
				76D8F71E29050A120003D207 /* ViewController.swift */,
				76D8F72029050A120003D207 /* Main.storyboard */,
				76D8F72329050A130003D207 /* Assets.xcassets */,
				76D8F72529050A130003D207 /* LaunchScreen.storyboard */,
				76D8F72829050A130003D207 /* Info.plist */,
			);
			path = ACPageViewDemo;
			sourceTree = "<group>";
		};
		76D8F73029050A130003D207 /* ACPageViewDemoTests */ = {
			isa = PBXGroup;
			children = (
				76D8F73129050A130003D207 /* ACPageViewDemoTests.swift */,
			);
			path = ACPageViewDemoTests;
			sourceTree = "<group>";
		};
		76D8F73A29050A130003D207 /* ACPageViewDemoUITests */ = {
			isa = PBXGroup;
			children = (
				76D8F73B29050A130003D207 /* ACPageViewDemoUITests.swift */,
				76D8F73D29050A130003D207 /* ACPageViewDemoUITestsLaunchTests.swift */,
			);
			path = ACPageViewDemoUITests;
			sourceTree = "<group>";
		};
		76D8F74A29050AB30003D207 /* Sources */ = {
			isa = PBXGroup;
			children = (
				76D8F74B29050AB30003D207 /* ACPageTitleCell.xib */,
				76D8F74C29050AB30003D207 /* ACPageView.swift */,
				76D8F74D29050AB30003D207 /* JXPageView.podspec */,
				76D8F74E29050AB30003D207 /* ACPageTitleCell.swift */,
			);
			name = Sources;
			path = ../../Sources;
			sourceTree = "<group>";
		};
/* End PBXGroup section */

/* Begin PBXNativeTarget section */
		76D8F71629050A120003D207 /* ACPageViewDemo */ = {
			isa = PBXNativeTarget;
			buildConfigurationList = 76D8F74129050A130003D207 /* Build configuration list for PBXNativeTarget "ACPageViewDemo" */;
			buildPhases = (
				76D8F71329050A120003D207 /* Sources */,
				76D8F71429050A120003D207 /* Frameworks */,
				76D8F71529050A120003D207 /* Resources */,
			);
			buildRules = (
			);
			dependencies = (
			);
			name = ACPageViewDemo;
			productName = ACPageViewDemo;
			productReference = 76D8F71729050A120003D207 /* ACPageViewDemo.app */;
			productType = "com.apple.product-type.application";
		};
		76D8F72C29050A130003D207 /* ACPageViewDemoTests */ = {
			isa = PBXNativeTarget;
			buildConfigurationList = 76D8F74429050A130003D207 /* Build configuration list for PBXNativeTarget "ACPageViewDemoTests" */;
			buildPhases = (
				76D8F72929050A130003D207 /* Sources */,
				76D8F72A29050A130003D207 /* Frameworks */,
				76D8F72B29050A130003D207 /* Resources */,
			);
			buildRules = (
			);
			dependencies = (
				76D8F72F29050A130003D207 /* PBXTargetDependency */,
			);
			name = ACPageViewDemoTests;
			productName = ACPageViewDemoTests;
			productReference = 76D8F72D29050A130003D207 /* ACPageViewDemoTests.xctest */;
			productType = "com.apple.product-type.bundle.unit-test";
		};
		76D8F73629050A130003D207 /* ACPageViewDemoUITests */ = {
			isa = PBXNativeTarget;
			buildConfigurationList = 76D8F74729050A130003D207 /* Build configuration list for PBXNativeTarget "ACPageViewDemoUITests" */;
			buildPhases = (
				76D8F73329050A130003D207 /* Sources */,
				76D8F73429050A130003D207 /* Frameworks */,
				76D8F73529050A130003D207 /* Resources */,
			);
			buildRules = (
			);
			dependencies = (
				76D8F73929050A130003D207 /* PBXTargetDependency */,
			);
			name = ACPageViewDemoUITests;
			productName = ACPageViewDemoUITests;
			productReference = 76D8F73729050A130003D207 /* ACPageViewDemoUITests.xctest */;
			productType = "com.apple.product-type.bundle.ui-testing";
		};
/* End PBXNativeTarget section */

/* Begin PBXProject section */
		76D8F70F29050A120003D207 /* Project object */ = {
			isa = PBXProject;
			attributes = {
				BuildIndependentTargetsInParallel = 1;
				LastSwiftUpdateCheck = 1340;
				LastUpgradeCheck = 1340;
				TargetAttributes = {
					76D8F71629050A120003D207 = {
						CreatedOnToolsVersion = 13.4.1;
					};
					76D8F72C29050A130003D207 = {
						CreatedOnToolsVersion = 13.4.1;
						TestTargetID = 76D8F71629050A120003D207;
					};
					76D8F73629050A130003D207 = {
						CreatedOnToolsVersion = 13.4.1;
						TestTargetID = 76D8F71629050A120003D207;
					};
				};
			};
			buildConfigurationList = 76D8F71229050A120003D207 /* Build configuration list for PBXProject "ACPageViewDemo" */;
			compatibilityVersion = "Xcode 13.0";
			developmentRegion = en;
			hasScannedForEncodings = 0;
			knownRegions = (
				en,
				Base,
			);
			mainGroup = 76D8F70E29050A120003D207;
			productRefGroup = 76D8F71829050A120003D207 /* Products */;
			projectDirPath = "";
			projectRoot = "";
			targets = (
				76D8F71629050A120003D207 /* ACPageViewDemo */,
				76D8F72C29050A130003D207 /* ACPageViewDemoTests */,
				76D8F73629050A130003D207 /* ACPageViewDemoUITests */,
			);
		};
/* End PBXProject section */

/* Begin PBXResourcesBuildPhase section */
		76D8F71529050A120003D207 /* Resources */ = {
			isa = PBXResourcesBuildPhase;
			buildActionMask = 2147483647;
			files = (
				76D8F75129050AB40003D207 /* JXPageView.podspec in Resources */,
				76D8F72729050A130003D207 /* LaunchScreen.storyboard in Resources */,
				76D8F72429050A130003D207 /* Assets.xcassets in Resources */,
				76D8F72229050A120003D207 /* Main.storyboard in Resources */,
				76D8F74F29050AB30003D207 /* ACPageTitleCell.xib in Resources */,
			);
			runOnlyForDeploymentPostprocessing = 0;
		};
		76D8F72B29050A130003D207 /* Resources */ = {
			isa = PBXResourcesBuildPhase;
			buildActionMask = 2147483647;
			files = (
			);
			runOnlyForDeploymentPostprocessing = 0;
		};
		76D8F73529050A130003D207 /* Resources */ = {
			isa = PBXResourcesBuildPhase;
			buildActionMask = 2147483647;
			files = (
			);
			runOnlyForDeploymentPostprocessing = 0;
		};
/* End PBXResourcesBuildPhase section */

/* Begin PBXSourcesBuildPhase section */
		76D8F71329050A120003D207 /* Sources */ = {
			isa = PBXSourcesBuildPhase;
			buildActionMask = 2147483647;
			files = (
				76D8F71F29050A120003D207 /* ViewController.swift in Sources */,
				76D8F71B29050A120003D207 /* AppDelegate.swift in Sources */,
				76D8F71D29050A120003D207 /* SceneDelegate.swift in Sources */,
				76D8F75229050AB40003D207 /* ACPageTitleCell.swift in Sources */,
				76D8F75029050AB30003D207 /* ACPageView.swift in Sources */,
			);
			runOnlyForDeploymentPostprocessing = 0;
		};
		76D8F72929050A130003D207 /* Sources */ = {
			isa = PBXSourcesBuildPhase;
			buildActionMask = 2147483647;
			files = (
				76D8F73229050A130003D207 /* ACPageViewDemoTests.swift in Sources */,
			);
			runOnlyForDeploymentPostprocessing = 0;
		};
		76D8F73329050A130003D207 /* Sources */ = {
			isa = PBXSourcesBuildPhase;
			buildActionMask = 2147483647;
			files = (
				76D8F73C29050A130003D207 /* ACPageViewDemoUITests.swift in Sources */,
				76D8F73E29050A130003D207 /* ACPageViewDemoUITestsLaunchTests.swift in Sources */,
			);
			runOnlyForDeploymentPostprocessing = 0;
		};
/* End PBXSourcesBuildPhase section */

/* Begin PBXTargetDependency section */
		76D8F72F29050A130003D207 /* PBXTargetDependency */ = {
			isa = PBXTargetDependency;
			target = 76D8F71629050A120003D207 /* ACPageViewDemo */;
			targetProxy = 76D8F72E29050A130003D207 /* PBXContainerItemProxy */;
		};
		76D8F73929050A130003D207 /* PBXTargetDependency */ = {
			isa = PBXTargetDependency;
			target = 76D8F71629050A120003D207 /* ACPageViewDemo */;
			targetProxy = 76D8F73829050A130003D207 /* PBXContainerItemProxy */;
		};
/* End PBXTargetDependency section */

/* Begin PBXVariantGroup section */
		76D8F72029050A120003D207 /* Main.storyboard */ = {
			isa = PBXVariantGroup;
			children = (
				76D8F72129050A120003D207 /* Base */,
			);
			name = Main.storyboard;
			sourceTree = "<group>";
		};
		76D8F72529050A130003D207 /* LaunchScreen.storyboard */ = {
			isa = PBXVariantGroup;
			children = (
				76D8F72629050A130003D207 /* Base */,
			);
			name = LaunchScreen.storyboard;
			sourceTree = "<group>";
		};
/* End PBXVariantGroup section */

/* Begin XCBuildConfiguration section */
		76D8F73F29050A130003D207 /* Debug */ = {
			isa = XCBuildConfiguration;
			buildSettings = {
				ALWAYS_SEARCH_USER_PATHS = NO;
				CLANG_ANALYZER_NONNULL = YES;
				CLANG_ANALYZER_NUMBER_OBJECT_CONVERSION = YES_AGGRESSIVE;
				CLANG_CXX_LANGUAGE_STANDARD = "gnu++17";
				CLANG_ENABLE_MODULES = YES;
				CLANG_ENABLE_OBJC_ARC = YES;
				CLANG_ENABLE_OBJC_WEAK = YES;
				CLANG_WARN_BLOCK_CAPTURE_AUTORELEASING = YES;
				CLANG_WARN_BOOL_CONVERSION = YES;
				CLANG_WARN_COMMA = YES;
				CLANG_WARN_CONSTANT_CONVERSION = YES;
				CLANG_WARN_DEPRECATED_OBJC_IMPLEMENTATIONS = YES;
				CLANG_WARN_DIRECT_OBJC_ISA_USAGE = YES_ERROR;
				CLANG_WARN_DOCUMENTATION_COMMENTS = YES;
				CLANG_WARN_EMPTY_BODY = YES;
				CLANG_WARN_ENUM_CONVERSION = YES;
				CLANG_WARN_INFINITE_RECURSION = YES;
				CLANG_WARN_INT_CONVERSION = YES;
				CLANG_WARN_NON_LITERAL_NULL_CONVERSION = YES;
				CLANG_WARN_OBJC_IMPLICIT_RETAIN_SELF = YES;
				CLANG_WARN_OBJC_LITERAL_CONVERSION = YES;
				CLANG_WARN_OBJC_ROOT_CLASS = YES_ERROR;
				CLANG_WARN_QUOTED_INCLUDE_IN_FRAMEWORK_HEADER = YES;
				CLANG_WARN_RANGE_LOOP_ANALYSIS = YES;
				CLANG_WARN_STRICT_PROTOTYPES = YES;
				CLANG_WARN_SUSPICIOUS_MOVE = YES;
				CLANG_WARN_UNGUARDED_AVAILABILITY = YES_AGGRESSIVE;
				CLANG_WARN_UNREACHABLE_CODE = YES;
				CLANG_WARN__DUPLICATE_METHOD_MATCH = YES;
				COPY_PHASE_STRIP = NO;
				DEBUG_INFORMATION_FORMAT = dwarf;
				ENABLE_STRICT_OBJC_MSGSEND = YES;
				ENABLE_TESTABILITY = YES;
				GCC_C_LANGUAGE_STANDARD = gnu11;
				GCC_DYNAMIC_NO_PIC = NO;
				GCC_NO_COMMON_BLOCKS = YES;
				GCC_OPTIMIZATION_LEVEL = 0;
				GCC_PREPROCESSOR_DEFINITIONS = (
					"DEBUG=1",
					"$(inherited)",
				);
				GCC_WARN_64_TO_32_BIT_CONVERSION = YES;
				GCC_WARN_ABOUT_RETURN_TYPE = YES_ERROR;
				GCC_WARN_UNDECLARED_SELECTOR = YES;
				GCC_WARN_UNINITIALIZED_AUTOS = YES_AGGRESSIVE;
				GCC_WARN_UNUSED_FUNCTION = YES;
				GCC_WARN_UNUSED_VARIABLE = YES;
				IPHONEOS_DEPLOYMENT_TARGET = 15.5;
				MTL_ENABLE_DEBUG_INFO = INCLUDE_SOURCE;
				MTL_FAST_MATH = YES;
				ONLY_ACTIVE_ARCH = YES;
				SDKROOT = iphoneos;
				SWIFT_ACTIVE_COMPILATION_CONDITIONS = DEBUG;
				SWIFT_OPTIMIZATION_LEVEL = "-Onone";
			};
			name = Debug;
		};
		76D8F74029050A130003D207 /* Release */ = {
			isa = XCBuildConfiguration;
			buildSettings = {
				ALWAYS_SEARCH_USER_PATHS = NO;
				CLANG_ANALYZER_NONNULL = YES;
				CLANG_ANALYZER_NUMBER_OBJECT_CONVERSION = YES_AGGRESSIVE;
				CLANG_CXX_LANGUAGE_STANDARD = "gnu++17";
				CLANG_ENABLE_MODULES = YES;
				CLANG_ENABLE_OBJC_ARC = YES;
				CLANG_ENABLE_OBJC_WEAK = YES;
				CLANG_WARN_BLOCK_CAPTURE_AUTORELEASING = YES;
				CLANG_WARN_BOOL_CONVERSION = YES;
				CLANG_WARN_COMMA = YES;
				CLANG_WARN_CONSTANT_CONVERSION = YES;
				CLANG_WARN_DEPRECATED_OBJC_IMPLEMENTATIONS = YES;
				CLANG_WARN_DIRECT_OBJC_ISA_USAGE = YES_ERROR;
				CLANG_WARN_DOCUMENTATION_COMMENTS = YES;
				CLANG_WARN_EMPTY_BODY = YES;
				CLANG_WARN_ENUM_CONVERSION = YES;
				CLANG_WARN_INFINITE_RECURSION = YES;
				CLANG_WARN_INT_CONVERSION = YES;
				CLANG_WARN_NON_LITERAL_NULL_CONVERSION = YES;
				CLANG_WARN_OBJC_IMPLICIT_RETAIN_SELF = YES;
				CLANG_WARN_OBJC_LITERAL_CONVERSION = YES;
				CLANG_WARN_OBJC_ROOT_CLASS = YES_ERROR;
				CLANG_WARN_QUOTED_INCLUDE_IN_FRAMEWORK_HEADER = YES;
				CLANG_WARN_RANGE_LOOP_ANALYSIS = YES;
				CLANG_WARN_STRICT_PROTOTYPES = YES;
				CLANG_WARN_SUSPICIOUS_MOVE = YES;
				CLANG_WARN_UNGUARDED_AVAILABILITY = YES_AGGRESSIVE;
				CLANG_WARN_UNREACHABLE_CODE = YES;
				CLANG_WARN__DUPLICATE_METHOD_MATCH = YES;
				COPY_PHASE_STRIP = NO;
				DEBUG_INFORMATION_FORMAT = "dwarf-with-dsym";
				ENABLE_NS_ASSERTIONS = NO;
				ENABLE_STRICT_OBJC_MSGSEND = YES;
				GCC_C_LANGUAGE_STANDARD = gnu11;
				GCC_NO_COMMON_BLOCKS = YES;
				GCC_WARN_64_TO_32_BIT_CONVERSION = YES;
				GCC_WARN_ABOUT_RETURN_TYPE = YES_ERROR;
				GCC_WARN_UNDECLARED_SELECTOR = YES;
				GCC_WARN_UNINITIALIZED_AUTOS = YES_AGGRESSIVE;
				GCC_WARN_UNUSED_FUNCTION = YES;
				GCC_WARN_UNUSED_VARIABLE = YES;
				IPHONEOS_DEPLOYMENT_TARGET = 15.5;
				MTL_ENABLE_DEBUG_INFO = NO;
				MTL_FAST_MATH = YES;
				SDKROOT = iphoneos;
				SWIFT_COMPILATION_MODE = wholemodule;
				SWIFT_OPTIMIZATION_LEVEL = "-O";
				VALIDATE_PRODUCT = YES;
			};
			name = Release;
		};
		76D8F74229050A130003D207 /* Debug */ = {
			isa = XCBuildConfiguration;
			buildSettings = {
				ASSETCATALOG_COMPILER_APPICON_NAME = AppIcon;
				ASSETCATALOG_COMPILER_GLOBAL_ACCENT_COLOR_NAME = AccentColor;
				CODE_SIGN_STYLE = Automatic;
				CURRENT_PROJECT_VERSION = 1;
				DEVELOPMENT_TEAM = 23A7B6VHGX;
				GENERATE_INFOPLIST_FILE = YES;
				INFOPLIST_FILE = ACPageViewDemo/Info.plist;
				INFOPLIST_KEY_UIApplicationSupportsIndirectInputEvents = YES;
				INFOPLIST_KEY_UILaunchStoryboardName = LaunchScreen;
				INFOPLIST_KEY_UIMainStoryboardFile = Main;
				INFOPLIST_KEY_UISupportedInterfaceOrientations_iPad = "UIInterfaceOrientationPortrait UIInterfaceOrientationPortraitUpsideDown UIInterfaceOrientationLandscapeLeft UIInterfaceOrientationLandscapeRight";
				INFOPLIST_KEY_UISupportedInterfaceOrientations_iPhone = "UIInterfaceOrientationPortrait UIInterfaceOrientationLandscapeLeft UIInterfaceOrientationLandscapeRight";
				LD_RUNPATH_SEARCH_PATHS = (
					"$(inherited)",
					"@executable_path/Frameworks",
				);
				MARKETING_VERSION = 1.0;
				PRODUCT_BUNDLE_IDENTIFIER = actionsljx.ACPageViewDemo;
				PRODUCT_NAME = "$(TARGET_NAME)";
				SWIFT_EMIT_LOC_STRINGS = YES;
				SWIFT_VERSION = 5.0;
				TARGETED_DEVICE_FAMILY = "1,2";
			};
			name = Debug;
		};
		76D8F74329050A130003D207 /* Release */ = {
			isa = XCBuildConfiguration;
			buildSettings = {
				ASSETCATALOG_COMPILER_APPICON_NAME = AppIcon;
				ASSETCATALOG_COMPILER_GLOBAL_ACCENT_COLOR_NAME = AccentColor;
				CODE_SIGN_STYLE = Automatic;
				CURRENT_PROJECT_VERSION = 1;
				DEVELOPMENT_TEAM = 23A7B6VHGX;
				GENERATE_INFOPLIST_FILE = YES;
				INFOPLIST_FILE = ACPageViewDemo/Info.plist;
				INFOPLIST_KEY_UIApplicationSupportsIndirectInputEvents = YES;
				INFOPLIST_KEY_UILaunchStoryboardName = LaunchScreen;
				INFOPLIST_KEY_UIMainStoryboardFile = Main;
				INFOPLIST_KEY_UISupportedInterfaceOrientations_iPad = "UIInterfaceOrientationPortrait UIInterfaceOrientationPortraitUpsideDown UIInterfaceOrientationLandscapeLeft UIInterfaceOrientationLandscapeRight";
				INFOPLIST_KEY_UISupportedInterfaceOrientations_iPhone = "UIInterfaceOrientationPortrait UIInterfaceOrientationLandscapeLeft UIInterfaceOrientationLandscapeRight";
				LD_RUNPATH_SEARCH_PATHS = (
					"$(inherited)",
					"@executable_path/Frameworks",
				);
				MARKETING_VERSION = 1.0;
				PRODUCT_BUNDLE_IDENTIFIER = actionsljx.ACPageViewDemo;
				PRODUCT_NAME = "$(TARGET_NAME)";
				SWIFT_EMIT_LOC_STRINGS = YES;
				SWIFT_VERSION = 5.0;
				TARGETED_DEVICE_FAMILY = "1,2";
			};
			name = Release;
		};
		76D8F74529050A130003D207 /* Debug */ = {
			isa = XCBuildConfiguration;
			buildSettings = {
				ALWAYS_EMBED_SWIFT_STANDARD_LIBRARIES = YES;
				BUNDLE_LOADER = "$(TEST_HOST)";
				CODE_SIGN_STYLE = Automatic;
				CURRENT_PROJECT_VERSION = 1;
				DEVELOPMENT_TEAM = 23A7B6VHGX;
				GENERATE_INFOPLIST_FILE = YES;
				IPHONEOS_DEPLOYMENT_TARGET = 15.5;
				MARKETING_VERSION = 1.0;
				PRODUCT_BUNDLE_IDENTIFIER = actionsljx.ACPageViewDemoTests;
				PRODUCT_NAME = "$(TARGET_NAME)";
				SWIFT_EMIT_LOC_STRINGS = NO;
				SWIFT_VERSION = 5.0;
				TARGETED_DEVICE_FAMILY = "1,2";
				TEST_HOST = "$(BUILT_PRODUCTS_DIR)/ACPageViewDemo.app/ACPageViewDemo";
			};
			name = Debug;
		};
		76D8F74629050A130003D207 /* Release */ = {
			isa = XCBuildConfiguration;
			buildSettings = {
				ALWAYS_EMBED_SWIFT_STANDARD_LIBRARIES = YES;
				BUNDLE_LOADER = "$(TEST_HOST)";
				CODE_SIGN_STYLE = Automatic;
				CURRENT_PROJECT_VERSION = 1;
				DEVELOPMENT_TEAM = 23A7B6VHGX;
				GENERATE_INFOPLIST_FILE = YES;
				IPHONEOS_DEPLOYMENT_TARGET = 15.5;
				MARKETING_VERSION = 1.0;
				PRODUCT_BUNDLE_IDENTIFIER = actionsljx.ACPageViewDemoTests;
				PRODUCT_NAME = "$(TARGET_NAME)";
				SWIFT_EMIT_LOC_STRINGS = NO;
				SWIFT_VERSION = 5.0;
				TARGETED_DEVICE_FAMILY = "1,2";
				TEST_HOST = "$(BUILT_PRODUCTS_DIR)/ACPageViewDemo.app/ACPageViewDemo";
			};
			name = Release;
		};
		76D8F74829050A130003D207 /* Debug */ = {
			isa = XCBuildConfiguration;
			buildSettings = {
				ALWAYS_EMBED_SWIFT_STANDARD_LIBRARIES = YES;
				CODE_SIGN_STYLE = Automatic;
				CURRENT_PROJECT_VERSION = 1;
				DEVELOPMENT_TEAM = 23A7B6VHGX;
				GENERATE_INFOPLIST_FILE = YES;
				MARKETING_VERSION = 1.0;
				PRODUCT_BUNDLE_IDENTIFIER = actionsljx.ACPageViewDemoUITests;
				PRODUCT_NAME = "$(TARGET_NAME)";
				SWIFT_EMIT_LOC_STRINGS = NO;
				SWIFT_VERSION = 5.0;
				TARGETED_DEVICE_FAMILY = "1,2";
				TEST_TARGET_NAME = ACPageViewDemo;
			};
			name = Debug;
		};
		76D8F74929050A130003D207 /* Release */ = {
			isa = XCBuildConfiguration;
			buildSettings = {
				ALWAYS_EMBED_SWIFT_STANDARD_LIBRARIES = YES;
				CODE_SIGN_STYLE = Automatic;
				CURRENT_PROJECT_VERSION = 1;
				DEVELOPMENT_TEAM = 23A7B6VHGX;
				GENERATE_INFOPLIST_FILE = YES;
				MARKETING_VERSION = 1.0;
				PRODUCT_BUNDLE_IDENTIFIER = actionsljx.ACPageViewDemoUITests;
				PRODUCT_NAME = "$(TARGET_NAME)";
				SWIFT_EMIT_LOC_STRINGS = NO;
				SWIFT_VERSION = 5.0;
				TARGETED_DEVICE_FAMILY = "1,2";
				TEST_TARGET_NAME = ACPageViewDemo;
			};
			name = Release;
		};
/* End XCBuildConfiguration section */

/* Begin XCConfigurationList section */
		76D8F71229050A120003D207 /* Build configuration list for PBXProject "ACPageViewDemo" */ = {
			isa = XCConfigurationList;
			buildConfigurations = (
				76D8F73F29050A130003D207 /* Debug */,
				76D8F74029050A130003D207 /* Release */,
			);
			defaultConfigurationIsVisible = 0;
			defaultConfigurationName = Release;
		};
		76D8F74129050A130003D207 /* Build configuration list for PBXNativeTarget "ACPageViewDemo" */ = {
			isa = XCConfigurationList;
			buildConfigurations = (
				76D8F74229050A130003D207 /* Debug */,
				76D8F74329050A130003D207 /* Release */,
			);
			defaultConfigurationIsVisible = 0;
			defaultConfigurationName = Release;
		};
		76D8F74429050A130003D207 /* Build configuration list for PBXNativeTarget "ACPageViewDemoTests" */ = {
			isa = XCConfigurationList;
			buildConfigurations = (
				76D8F74529050A130003D207 /* Debug */,
				76D8F74629050A130003D207 /* Release */,
			);
			defaultConfigurationIsVisible = 0;
			defaultConfigurationName = Release;
		};
		76D8F74729050A130003D207 /* Build configuration list for PBXNativeTarget "ACPageViewDemoUITests" */ = {
			isa = XCConfigurationList;
			buildConfigurations = (
				76D8F74829050A130003D207 /* Debug */,
				76D8F74929050A130003D207 /* Release */,
			);
			defaultConfigurationIsVisible = 0;
			defaultConfigurationName = Release;
		};
/* End XCConfigurationList section */
	};
	rootObject = 76D8F70F29050A120003D207 /* Project object */;
}
